
Microsoft Visual Studio Solution File, Format Version 11.00
# Visual Web Developer Express 2010
Project("{FAE04EC0-301F-11D3-BF4B-00C04F79EFBC}") = "Caller", "Caller\Caller.csproj", "{7E44961F-7CF7-4EA9-9EFA-B8E611128504}"
EndProject
Project("{FAE04EC0-301F-11D3-BF4B-00C04F79EFBC}") = "HandlerSample", "HandlerSample\HandlerSample.csproj", "{B01D9413-BBE4-442A-B114-E39FEFA8AE08}"
EndProject
Global
	GlobalSection(SolutionConfigurationPlatforms) = preSolution
		Debug|Any CPU = Debug|Any CPU
		Release|Any CPU = Release|Any CPU
	EndGlobalSection
	GlobalSection(ProjectConfigurationPlatforms) = postSolution
		{7E44961F-7CF7-4EA9-9EFA-B8E611128504}.Debug|Any CPU.ActiveCfg = Debug|Any CPU
		{7E44961F-7CF7-4EA9-9EFA-B8E611128504}.Debug|Any CPU.Build.0 = Debug|Any CPU
		{7E44961F-7CF7-4EA9-9EFA-B8E611128504}.Release|Any CPU.ActiveCfg = Release|Any CPU
		{7E44961F-7CF7-4EA9-9EFA-B8E611128504}.Release|Any CPU.Build.0 = Release|Any CPU
		{B01D9413-BBE4-442A-B114-E39FEFA8AE08}.Debug|Any CPU.ActiveCfg = Debug|Any CPU
		{B01D9413-BBE4-442A-B114-E39FEFA8AE08}.Debug|Any CPU.Build.0 = Debug|Any CPU
		{B01D9413-BBE4-442A-B114-E39FEFA8AE08}.Release|Any CPU.ActiveCfg = Release|Any CPU
		{B01D9413-BBE4-442A-B114-E39FEFA8AE08}.Release|Any CPU.Build.0 = Release|Any CPU
	EndGlobalSection
	GlobalSection(SolutionProperties) = preSolution
		HideSolutionNode = FALSE
	EndGlobalSection
EndGlobal
